Microsoft Visual Studio Solution File, Format Version 12.00
# Visual Studio Version 17
VisualStudioVersion = 17.5.2.0
MinimumVisualStudioVersion = 10.0.40219.1
Project("{2150E333-8FDC-42A3-9474-1A3956D46DE8}") = "QuanLyBenhAnLienPhongKham", "QuanLyBenhAnLienPhongKham", "{875AE3B5-152A-E15E-136E-A7223B17C117}"
EndProject
Project("{FAE04EC0-301F-11D3-BF4B-00C04F79EFBC}") = "Backend", "QuanLyBenhAnLienPhongKham\Backend\Backend.csproj", "{3B780AA1-301B-0B25-6FED-91A6C46746D0}"
EndProject
Global
	GlobalSection(SolutionConfigurationPlatforms) = preSolution
		Debug|Any CPU = Debug|Any CPU
		Release|Any CPU = Release|Any CPU
	EndGlobalSection
	GlobalSection(ProjectConfigurationPlatforms) = postSolution
		{3B780AA1-301B-0B25-6FED-91A6C46746D0}.Debug|Any CPU.ActiveCfg = Debug|Any CPU
		{3B780AA1-301B-0B25-6FED-91A6C46746D0}.Debug|Any CPU.Build.0 = Debug|Any CPU
		{3B780AA1-301B-0B25-6FED-91A6C46746D0}.Release|Any CPU.ActiveCfg = Release|Any CPU
		{3B780AA1-301B-0B25-6FED-91A6C46746D0}.Release|Any CPU.Build.0 = Release|Any CPU
	EndGlobalSection
	GlobalSection(SolutionProperties) = preSolution
		HideSolutionNode = FALSE
	EndGlobalSection
	GlobalSection(NestedProjects) = preSolution
		{3B780AA1-301B-0B25-6FED-91A6C46746D0} = {875AE3B5-152A-E15E-136E-A7223B17C117}
	EndGlobalSection
	GlobalSection(ExtensibilityGlobals) = postSolution
		SolutionGuid = {E512FA0F-6611-4153-99FC-1BFD3C91A594}
	EndGlobalSection
EndGlobal
